
Microsoft Visual Studio Solution File, Format Version 12.00
# Visual Studio Version 16
VisualStudioVersion = 16.0.31313.79
MinimumVisualStudioVersion = 10.0.40219.1
Project("{9A19103F-16F7-4668-BE54-9A1E7A4F7556}") = "Calculator.Web", "Calculator\Calculator.Web.csproj", "{D23B8E11-7A5D-4367-895A-FE352B324F2B}"
EndProject
Project("{2150E333-8FDC-42A3-9474-1A3956D46DE8}") = "tests", "tests", "{A6CDF52A-FF58-4E5F-80DC-D9C08894A175}"
EndProject
Project("{FAE04EC0-301F-11D3-BF4B-00C04F79EFBC}") = "Calculator.Web.Tests", "tests\Calculator.Web.Tests\Calculator.Web.Tests.csproj", "{2DA8B8B4-B904-426B-A23D-5FADD6E2A368}"
EndProject
Global
	GlobalSection(SolutionConfigurationPlatforms) = preSolution
		Debug|Any CPU = Debug|Any CPU
		Release|Any CPU = Release|Any CPU
	EndGlobalSection
	GlobalSection(ProjectConfigurationPlatforms) = postSolution
		{D23B8E11-7A5D-4367-895A-FE352B324F2B}.Debug|Any CPU.ActiveCfg = Debug|Any CPU
		{D23B8E11-7A5D-4367-895A-FE352B324F2B}.Debug|Any CPU.Build.0 = Debug|Any CPU
		{D23B8E11-7A5D-4367-895A-FE352B324F2B}.Release|Any CPU.ActiveCfg = Release|Any CPU
		{D23B8E11-7A5D-4367-895A-FE352B324F2B}.Release|Any CPU.Build.0 = Release|Any CPU
		{2DA8B8B4-B904-426B-A23D-5FADD6E2A368}.Debug|Any CPU.ActiveCfg = Debug|Any CPU
		{2DA8B8B4-B904-426B-A23D-5FADD6E2A368}.Debug|Any CPU.Build.0 = Debug|Any CPU
		{2DA8B8B4-B904-426B-A23D-5FADD6E2A368}.Release|Any CPU.ActiveCfg = Release|Any CPU
		{2DA8B8B4-B904-426B-A23D-5FADD6E2A368}.Release|Any CPU.Build.0 = Release|Any CPU
	EndGlobalSection
	GlobalSection(SolutionProperties) = preSolution
		HideSolutionNode = FALSE
	EndGlobalSection
	GlobalSection(NestedProjects) = preSolution
		{2DA8B8B4-B904-426B-A23D-5FADD6E2A368} = {A6CDF52A-FF58-4E5F-80DC-D9C08894A175}
	EndGlobalSection
	GlobalSection(ExtensibilityGlobals) = postSolution
		SolutionGuid = {AF26C9E0-CAB6-41C3-B9CE-6D9E549DB302}
	EndGlobalSection
EndGlobal
